schema: '2.0'
stages:
  ingest:
    cmd: python -m fraud.data.ingest
    params:
      params.yaml:
        ingest:
          kaggle_dataset: kartik2112/fraud-detection
          expected_files:
          - fraudTrain.csv
          - fraudTest.csv
    outs:
    - path: data/raw/sparkov
      hash: md5
      md5: 472729bc96a7b8dfec5c01ebd5679815.dir
      size: 501592535
      nfiles: 2
  clean:
    cmd: python -m fraud.data.clean
    deps:
    - path: data/raw/sparkov
      hash: md5
      md5: 472729bc96a7b8dfec5c01ebd5679815.dir
      size: 501592535
      nfiles: 2
    - path: src/fraud/data/clean.py
      hash: md5
      md5: 061117a94d3e2bd084fe430b722e8796
      size: 1818
    - path: src/fraud/data/schemas.py
      hash: md5
      md5: 471d5624aeb8cace2431151a2ea37b87
      size: 1851
    params:
      params.yaml:
        clean:
          card_id_salt: sparkov-v1
          card_id_length: 16
          identifier_columns:
          - first
          - last
          - street
          - trans_num
          redundant_columns:
          - 'Unnamed: 0'
          - unix_time
          merchant_prefix: fraud_
        ingest.expected_files:
        - fraudTrain.csv
        - fraudTest.csv
    outs:
    - path: data/interim/transactions.parquet
      hash: md5
      md5: 794f22e36f283b6abf3438070e1445ce
      size: 70760800
  split:
    cmd: python -m fraud.data.split
    deps:
    - path: data/interim/transactions.parquet
      hash: md5
      md5: 794f22e36f283b6abf3438070e1445ce
      size: 70760800
    - path: src/fraud/data/split.py
      hash: md5
      md5: 9da5b325c0d4f076c8b8f3062b5c5c68
      size: 3038
    params:
      params.yaml:
        split:
          train_start: '2019-01-01'
          train_end: '2020-06-30'
          valid_start: '2020-07-01'
          valid_end: '2020-09-30'
          test_start: '2020-10-01'
          test_end: '2020-12-31'
    outs:
    - path: data/processed
      hash: md5
      md5: a03532b1de5c77f62c501042f7ce782e.dir
      size: 72686995
      nfiles: 3
    - path: reports/split_summary.json
      hash: md5
      md5: 803bacc765e232acfb88916752826dc5
      size: 583
  features:
    cmd: python -m fraud.features.build
    deps:
    - path: data/processed/train.parquet
      hash: md5
      md5: 79b308ad766f5b787e3fd7c8b4b6fe19
      size: 51245818
    - path: data/processed/valid.parquet
      hash: md5
      md5: 5eb19f7d629869e2b585e41102c38cb5
      size: 10037261
    - path: src/fraud/features/__init__.py
      hash: md5
      md5: 738c3d35e703104f7f1826b5bab04ebf
      size: 128
    - path: src/fraud/features/build.py
      hash: md5
      md5: 0f3367712dcb101f160f52c7b9c66440
      size: 2448
    - path: src/fraud/features/history.py
      hash: md5
      md5: 00b3c8c1320e61de7be8689b2c60e0fe
      size: 5471
    - path: src/fraud/features/pipeline.py
      hash: md5
      md5: 7836990b5efc0935e1a16a9e94993c0c
      size: 4362
    - path: src/fraud/features/transformers.py
      hash: md5
      md5: 3edfbc78b971ef8dafeee6cddbd5c56b
      size: 4241
    params:
      params.yaml:
        features:
          night_start_hour: 22
          night_end_hour: 4
          velocity_windows_hours:
          - 1
          - 24
          - 168
          impute_strategy: median
    outs:
    - path: reports/feature_list_v1.json
      hash: md5
      md5: 582bfb856565ace50456aa963a3501ec
      size: 5300
    - path: reports/feature_list_v2.json
      hash: md5
      md5: 44c2b14a841f6c0076b19da53ad0bd22
      size: 6052
    - path: reports/features_summary.json
      hash: md5
      md5: f0c5fc3b9bec3b650b0aec01c89b9f07
      size: 180
  train:
    cmd: python -m fraud.models.train
    deps:
    - path: data/processed/train.parquet
      hash: md5
      md5: 79b308ad766f5b787e3fd7c8b4b6fe19
      size: 51245818
    - path: data/processed/valid.parquet
      hash: md5
      md5: 5eb19f7d629869e2b585e41102c38cb5
      size: 10037261
    - path: src/fraud/features/__init__.py
      hash: md5
      md5: 738c3d35e703104f7f1826b5bab04ebf
      size: 128
    - path: src/fraud/features/history.py
      hash: md5
      md5: 00b3c8c1320e61de7be8689b2c60e0fe
      size: 5471
    - path: src/fraud/features/pipeline.py
      hash: md5
      md5: 7836990b5efc0935e1a16a9e94993c0c
      size: 4362
    - path: src/fraud/features/transformers.py
      hash: md5
      md5: 3edfbc78b971ef8dafeee6cddbd5c56b
      size: 4241
    - path: src/fraud/models/calibrate.py
      hash: md5
      md5: 074a92d93910b956a1c5053e71ab9eae
      size: 1671
    - path: src/fraud/models/estimator.py
      hash: md5
      md5: 37e2f1d7dc10d932926ded10c64235af
      size: 2110
    - path: src/fraud/models/ladder.py
      hash: md5
      md5: 040b36a755d1cbbca91410b82280d577
      size: 10925
    - path: src/fraud/models/metrics.py
      hash: md5
      md5: 9590b43b7a0f4cb8fa17768563705329
      size: 5286
    - path: src/fraud/models/train.py
      hash: md5
      md5: f1b7ba5efa663c995b473750638a9c66
      size: 6028
    params:
      params.yaml:
        features:
          night_start_hour: 22
          night_end_hour: 4
          velocity_windows_hours:
          - 1
          - 24
          - 168
          impute_strategy: median
        model:
          step: lightgbm
          feature_set: v2
          hyperparams:
            n_estimators: 450
            num_leaves: 126
            learning_rate: 0.0357166784849149
            min_child_samples: 74
            subsample: 0.5956307000059569
            colsample_bytree: 0.6922798918828642
            scale_pos_weight: 5.5404060794248595
          calibration: sigmoid
          min_precision: 0.5
          fn_cost: 20.0
          fp_cost: 1.0
        seed: 42
    outs:
    - path: data/models/pipeline.joblib
      hash: md5
      md5: 1f4f9f4ca7f5b65e78f8b526978ca60f
      size: 6346990
    - path: reports/train_metrics.json
      hash: md5
      md5: 9348f613740b10b55b1cb3e902825314
      size: 197
  evaluate:
    cmd: python -m fraud.models.evaluate
    deps:
    - path: data/models/pipeline.joblib
      hash: md5
      md5: 1f4f9f4ca7f5b65e78f8b526978ca60f
      size: 6346990
    - path: data/processed/train.parquet
      hash: md5
      md5: 79b308ad766f5b787e3fd7c8b4b6fe19
      size: 51245818
    - path: data/processed/valid.parquet
      hash: md5
      md5: 5eb19f7d629869e2b585e41102c38cb5
      size: 10037261
    - path: src/fraud/features/pipeline.py
      hash: md5
      md5: 7836990b5efc0935e1a16a9e94993c0c
      size: 4362
    - path: src/fraud/models/evaluate.py
      hash: md5
      md5: 21c797b4ff06b72ee130c2fc163fb893
      size: 2623
    - path: src/fraud/models/metrics.py
      hash: md5
      md5: 9590b43b7a0f4cb8fa17768563705329
      size: 5286
    params:
      params.yaml:
        model.fn_cost: 20.0
        model.fp_cost: 1.0
    outs:
    - path: reports/evaluate_metrics.json
      hash: md5
      md5: a1403cd9071a0d0cbb51ff31466f4f80
      size: 232
    - path: reports/pr_curve.json
      hash: md5
      md5: 4e1adb615833ee2db417ef8dc382be51
      size: 13651913
  train_demo:
    cmd: python -m fraud.models.train --section demo_model
    deps:
    - path: data/processed/train.parquet
      hash: md5
      md5: 79b308ad766f5b787e3fd7c8b4b6fe19
      size: 51245818
    - path: data/processed/valid.parquet
      hash: md5
      md5: 5eb19f7d629869e2b585e41102c38cb5
      size: 10037261
    - path: src/fraud/features/__init__.py
      hash: md5
      md5: 738c3d35e703104f7f1826b5bab04ebf
      size: 128
    - path: src/fraud/features/history.py
      hash: md5
      md5: 00b3c8c1320e61de7be8689b2c60e0fe
      size: 5471
    - path: src/fraud/features/pipeline.py
      hash: md5
      md5: 7836990b5efc0935e1a16a9e94993c0c
      size: 4362
    - path: src/fraud/features/transformers.py
      hash: md5
      md5: 3edfbc78b971ef8dafeee6cddbd5c56b
      size: 4241
    - path: src/fraud/models/calibrate.py
      hash: md5
      md5: 074a92d93910b956a1c5053e71ab9eae
      size: 1671
    - path: src/fraud/models/estimator.py
      hash: md5
      md5: 37e2f1d7dc10d932926ded10c64235af
      size: 2110
    - path: src/fraud/models/ladder.py
      hash: md5
      md5: 040b36a755d1cbbca91410b82280d577
      size: 10925
    - path: src/fraud/models/metrics.py
      hash: md5
      md5: 9590b43b7a0f4cb8fa17768563705329
      size: 5286
    - path: src/fraud/models/train.py
      hash: md5
      md5: f1b7ba5efa663c995b473750638a9c66
      size: 6028
    params:
      params.yaml:
        demo_model:
          step: xgboost
          feature_set: v1
          hyperparams:
            n_estimators: 350
            max_depth: 10
            learning_rate: 0.023771106051716496
            min_child_weight: 19
            subsample: 0.6199242313325556
            colsample_bytree: 0.576038831716926
            scale_pos_weight: 8.264496504035321
          calibration: sigmoid
          min_precision: 0.5
          fn_cost: 20.0
          fp_cost: 1.0
        features:
          night_start_hour: 22
          night_end_hour: 4
          velocity_windows_hours:
          - 1
          - 24
          - 168
          impute_strategy: median
        seed: 42
    outs:
    - path: data/models/demo_pipeline.joblib
      hash: md5
      md5: 78d9c4207745854fd5ad1446db517447
      size: 3679790
    - path: reports/train_metrics_demo.json
      hash: md5
      md5: 9b49d0946ee2f20f6ad760e40d487f4c
      size: 194
  monitoring_reference:
    cmd: python -m fraud.monitoring.reference
    deps:
    - path: data/processed/valid.parquet
      hash: md5
      md5: 5eb19f7d629869e2b585e41102c38cb5
      size: 10037261
    - path: reports/test_evaluation.json
      hash: md5
      md5: 490ec36f4b24867c7104bcb7f3d5efaa
      size: 565
    - path: reports/train_metrics.json
      hash: md5
      md5: 9348f613740b10b55b1cb3e902825314
      size: 197
    - path: src/fraud/monitoring/reference.py
      hash: md5
      md5: e112fced58e9278f135cc975dd059b65
      size: 1884
    params:
      params.yaml:
        monitoring.reference_sample_rows: 50000
        monitoring.reference_split: valid
        seed: 42
    outs:
    - path: data/monitoring/reference.parquet
      hash: md5
      md5: 23d34c4b4f8bf19e66ad1913ae44f5fb
      size: 2024773
    - path: reports/monitoring_reference.json
      hash: md5
      md5: d2d20c31634504280e294012fec58192
      size: 211
  ulb_ingest:
    cmd: python -m fraud.ulb.data ingest
    params:
      params.yaml:
        ulb.expected_files:
        - creditcard.csv
        ulb.kaggle_dataset: mlg-ulb/creditcardfraud
    outs:
    - path: data/raw/ulb
      hash: md5
      md5: f2c7448614b9ec3d9e7e25dac874171f.dir
      size: 150828752
      nfiles: 1
  ulb_split:
    cmd: python -m fraud.ulb.data split
    deps:
    - path: data/raw/ulb
      hash: md5
      md5: f2c7448614b9ec3d9e7e25dac874171f.dir
      size: 150828752
      nfiles: 1
    - path: src/fraud/ulb/data.py
      hash: md5
      md5: b272a83b2d3ff2820c73f312e6c94950
      size: 3573
    params:
      params.yaml:
        ulb.split:
          train_end_hour: 28
          valid_end_hour: 40
    outs:
    - path: data/processed_ulb
      hash: md5
      md5: 5129b1cea80bafc8e7303a67037933f9.dir
      size: 79041480
      nfiles: 3
    - path: reports/ulb_split_summary.json
      hash: md5
      md5: 6993714b45dc2cdd0a0b260d08852c9e
      size: 503
  ulb_train:
    cmd: python -m fraud.ulb.train
    deps:
    - path: data/processed_ulb/train.parquet
      hash: md5
      md5: 00bc661138b6ead8ebf525d46b576df3
      size: 42360013
    - path: data/processed_ulb/valid.parquet
      hash: md5
      md5: 1730d06f4addc3544f1ab1351ddb0e31
      size: 19916476
    - path: src/fraud/models/calibrate.py
      hash: md5
      md5: 074a92d93910b956a1c5053e71ab9eae
      size: 1671
    - path: src/fraud/models/estimator.py
      hash: md5
      md5: 37e2f1d7dc10d932926ded10c64235af
      size: 2110
    - path: src/fraud/models/ladder.py
      hash: md5
      md5: 040b36a755d1cbbca91410b82280d577
      size: 10925
    - path: src/fraud/models/metrics.py
      hash: md5
      md5: 9590b43b7a0f4cb8fa17768563705329
      size: 5286
    - path: src/fraud/ulb/features.py
      hash: md5
      md5: 2231aee08a485d339fcb338f341dcb82
      size: 2694
    - path: src/fraud/ulb/train.py
      hash: md5
      md5: df3045e3e419a13fca9cdb92076c8bcf
      size: 5852
    params:
      params.yaml:
        seed: 42
        ulb:
          dataset:
            name: ulb
            version: v1
          kaggle_dataset: mlg-ulb/creditcardfraud
          expected_files:
          - creditcard.csv
          split:
            train_end_hour: 28
            valid_end_hour: 40
          mlflow:
            experiment_name: fraud-detection-ulb
          registry_name: fraud-ulb
          features:
            seconds_per_day: 86400
          calibration: sigmoid
          min_precision: 0.5
          fn_cost: 20.0
          fp_cost: 1.0
          steps:
            logreg:
              C: 1.0
            random_forest:
              n_estimators: 200
              max_depth: 12
              min_samples_leaf: 2
            lightgbm:
              n_estimators: 300
              num_leaves: 31
              learning_rate: 0.05
              min_child_samples: 20
              subsample: 0.8
              colsample_bytree: 0.8
              scale_pos_weight: 1.0
            xgboost:
              n_estimators: 300
              max_depth: 6
              learning_rate: 0.05
              min_child_weight: 1
              subsample: 0.8
              colsample_bytree: 0.8
              scale_pos_weight: 10.0
    outs:
    - path: data/models/ulb_pipeline.joblib
      hash: md5
      md5: 5d4c3bba49e38992acef139f55e1c531
      size: 678494
    - path: reports/ulb_ladder.json
      hash: md5
      md5: ce16610b6c4ced7ce00eceaaf9dca1ec
      size: 884
